
Microsoft Visual Studio Solution File, Format Version 12.00
# Visual Studio Version 16
VisualStudioVersion = 16.0.810.14
MinimumVisualStudioVersion = 10.0.40219.1
Project("{FAE04EC0-301F-11D3-BF4B-00C04F79EFBC}") = "AdventOfCode2021.Tasks", "AdventOfCode2021.Tasks\AdventOfCode2021.Tasks.csproj", "{20F50942-6A15-46AB-8756-5A525970C153}"
EndProject
Global
	GlobalSection(SolutionConfigurationPlatforms) = preSolution
		Debug|Any CPU = Debug|Any CPU
		Release|Any CPU = Release|Any CPU
	EndGlobalSection
	GlobalSection(ProjectConfigurationPlatforms) = postSolution
		{20F50942-6A15-46AB-8756-5A525970C153}.Debug|Any CPU.ActiveCfg = Debug|Any CPU
		{20F50942-6A15-46AB-8756-5A525970C153}.Debug|Any CPU.Build.0 = Debug|Any CPU
		{20F50942-6A15-46AB-8756-5A525970C153}.Release|Any CPU.ActiveCfg = Release|Any CPU
		{20F50942-6A15-46AB-8756-5A525970C153}.Release|Any CPU.Build.0 = Release|Any CPU
	EndGlobalSection
	GlobalSection(SolutionProperties) = preSolution
		HideSolutionNode = FALSE
	EndGlobalSection
	GlobalSection(ExtensibilityGlobals) = postSolution
		SolutionGuid = {F0B10907-75C1-49D6-81DB-029862262CE2}
	EndGlobalSection
EndGlobal
